
Microsoft Visual Studio Solution File, Format Version 12.00
# Visual Studio Version 17
VisualStudioVersion = 17.4.33213.308
MinimumVisualStudioVersion = 10.0.40219.1
Project("{9A19103F-16F7-4668-BE54-9A1E7A4F7556}") = "SIM", "SIM\SIM.csproj", "{37EA2D29-7092-485E-A088-AF587E11F893}"
EndProject
Global
	GlobalSection(SolutionConfigurationPlatforms) = preSolution
		Debug|Any CPU = Debug|Any CPU
		Release|Any CPU = Release|Any CPU
	EndGlobalSection
	GlobalSection(ProjectConfigurationPlatforms) = postSolution
		{37EA2D29-7092-485E-A088-AF587E11F893}.Debug|Any CPU.ActiveCfg = Debug|Any CPU
		{37EA2D29-7092-485E-A088-AF587E11F893}.Debug|Any CPU.Build.0 = Debug|Any CPU
		{37EA2D29-7092-485E-A088-AF587E11F893}.Release|Any CPU.ActiveCfg = Release|Any CPU
		{37EA2D29-7092-485E-A088-AF587E11F893}.Release|Any CPU.Build.0 = Release|Any CPU
	EndGlobalSection
	GlobalSection(SolutionProperties) = preSolution
		HideSolutionNode = FALSE
	EndGlobalSection
	GlobalSection(ExtensibilityGlobals) = postSolution
		SolutionGuid = {61EBC99A-3388-4804-9344-3E1E6B4243B0}
	EndGlobalSection
EndGlobal
